
Microsoft Visual Studio Solution File, Format Version 12.00
# Visual Studio Version 17
VisualStudioVersion = 17.7.34024.191
MinimumVisualStudioVersion = 10.0.40219.1
Project("{FAE04EC0-301F-11D3-BF4B-00C04F79EFBC}") = "DarkPulsr", "DarkPulsr.csproj", "{9DDDD091-C1C4-400D-87D0-184C5448178E}"
EndProject
Global
	GlobalSection(SolutionConfigurationPlatforms) = preSolution
		Debug|Any CPU = Debug|Any CPU
		Release|Any CPU = Release|Any CPU
	EndGlobalSection
	GlobalSection(ProjectConfigurationPlatforms) = postSolution
		{9DDDD091-C1C4-400D-87D0-184C5448178E}.Debug|Any CPU.ActiveCfg = Debug|Any CPU
		{9DDDD091-C1C4-400D-87D0-184C5448178E}.Debug|Any CPU.Build.0 = Debug|Any CPU
		{9DDDD091-C1C4-400D-87D0-184C5448178E}.Release|Any CPU.ActiveCfg = Release|Any CPU
		{9DDDD091-C1C4-400D-87D0-184C5448178E}.Release|Any CPU.Build.0 = Release|Any CPU
	EndGlobalSection
	GlobalSection(SolutionProperties) = preSolution
		HideSolutionNode = FALSE
	EndGlobalSection
	GlobalSection(ExtensibilityGlobals) = postSolution
		SolutionGuid = {AECA38C3-C010-49F1-99F4-90FC47FB4775}
	EndGlobalSection
EndGlobal
